# generated by rye
# use `rye lock` or `rye sync` to update this lockfile
#
# last locked with the following flags:
#   pre: false
#   features: []
#   all-features: false
#   with-sources: false

aiofiles==23.2.1
    # via reboot
aiohappyeyeballs==2.4.1
    # via aiohttp
aiohttp==3.10.5
    # via kubernetes-asyncio
    # via reboot
aiosignal==1.3.1
    # via aiohttp
async-timeout==4.0.3
    # via aiohttp
attrs==24.2.0
    # via aiohttp
certifi==2024.8.30
    # via kubernetes-asyncio
cffi==1.16.0
    # via cryptography
    # via reboot
colorama==0.4.6
    # via reboot
cryptography==42.0.2
    # via reboot
frozenlist==1.4.1
    # via aiohttp
    # via aiosignal
gitdb==4.0.11
    # via gitpython
gitpython==3.1.31
    # via reboot
googleapis-common-protos==1.65.0
    # via grpcio-status
    # via reboot
grpc-interceptor==0.15.4
    # via reboot
grpcio==1.60.2
    # via grpc-interceptor
    # via grpcio-health-checking
    # via grpcio-reflection
    # via grpcio-status
    # via grpcio-tools
    # via reboot
grpcio-health-checking==1.60.2
    # via reboot
grpcio-reflection==1.60.2
    # via reboot
grpcio-status==1.60.2
    # via reboot
grpcio-tools==1.60.2
    # via reboot
idna==3.10
    # via yarl
jinja2==3.1.2
    # via jinja2-strcase
    # via reboot
jinja2-strcase==0.0.2
    # via reboot
kubernetes-asyncio==31.1.0
    # via reboot
markupsafe==2.1.5
    # via jinja2
multidict==6.1.0
    # via aiohttp
    # via yarl
mypy-protobuf==3.5.0
    # via reboot
packaging==23.1
    # via reboot
pathspec==0.12.1
    # via reboot
protobuf==4.25.4
    # via googleapis-common-protos
    # via grpcio-health-checking
    # via grpcio-reflection
    # via grpcio-status
    # via grpcio-tools
    # via mypy-protobuf
    # via reboot
psutil==6.0.0
    # via reboot
pycparser==2.22
    # via cffi
pyjwt==2.9.0
    # via reboot
pyprctl==0.1.3
    # via reboot
python-dateutil==2.9.0.post0
    # via kubernetes-asyncio
pyyaml==6.0.2
    # via kubernetes-asyncio
    # via reboot
reboot==0.17.0
setuptools==75.1.0
    # via grpcio-tools
six==1.16.0
    # via kubernetes-asyncio
    # via python-dateutil
smmap==5.0.1
    # via gitdb
types-protobuf==5.28.0.20240924
    # via mypy-protobuf
typing-extensions==4.9.0
    # via multidict
    # via reboot
urllib3==1.26.15
    # via kubernetes-asyncio
    # via reboot
uuid7==0.1.0
    # via reboot
watchdog==4.0.0
    # via reboot
websockets==13.1
    # via reboot
yarl==1.12.1
    # via aiohttp
