# generated by rye
# use `rye lock` or `rye sync` to update this lockfile
#
# last locked with the following flags:
#   pre: false
#   features: []
#   all-features: false
#   with-sources: false

aiofiles==23.2.1
    # via reboot
aiohappyeyeballs==2.4.1
    # via aiohttp
aiohttp==3.10.5
    # via kubernetes-asyncio
    # via reboot
aiosignal==1.3.1
    # via aiohttp
annotated-types==0.7.0
    # via pydantic
anyio==4.9.0
    # via starlette
async-timeout==4.0.3
    # via aiohttp
attrs==24.2.0
    # via aiohttp
certifi==2024.8.30
    # via kubernetes-asyncio
cffi==1.17.1
    # via cryptography
    # via reboot
click==8.1.8
    # via uvicorn
colorama==0.4.6
    # via reboot
cryptography==44.0.0
    # via reboot
deprecated==1.2.15
    # via opentelemetry-api
    # via opentelemetry-exporter-otlp-proto-grpc
    # via opentelemetry-semantic-conventions
exceptiongroup==1.2.2
    # via anyio
fastapi==0.115.12
    # via reboot
frozenlist==1.4.1
    # via aiohttp
    # via aiosignal
googleapis-common-protos==1.65.0
    # via grpcio-status
    # via opentelemetry-exporter-otlp-proto-grpc
    # via reboot
grpc-interceptor==0.15.4
    # via reboot
grpcio==1.64.3
    # via grpc-interceptor
    # via grpcio-health-checking
    # via grpcio-reflection
    # via grpcio-status
    # via grpcio-tools
    # via opentelemetry-exporter-otlp-proto-grpc
    # via reboot
grpcio-health-checking==1.64.3
    # via reboot
grpcio-reflection==1.64.3
    # via reboot
grpcio-status==1.64.3
    # via reboot
grpcio-tools==1.64.3
    # via reboot
h11==0.14.0
    # via uvicorn
h2==4.3.0
    # via reboot
hpack==4.1.0
    # via h2
hyperframe==6.1.0
    # via h2
idna==3.10
    # via anyio
    # via yarl
importlib-metadata==8.5.0
    # via opentelemetry-api
jinja2==3.1.2
    # via jinja2-strcase
    # via reboot
jinja2-strcase==0.0.2
    # via reboot
kubernetes-asyncio==31.1.0
    # via reboot
markupsafe==2.1.5
    # via jinja2
multidict==6.1.0
    # via aiohttp
    # via yarl
mypy-protobuf==3.5.0
    # via reboot
opentelemetry-api==1.28.1
    # via opentelemetry-exporter-otlp-proto-grpc
    # via opentelemetry-instrumentation
    # via opentelemetry-instrumentation-grpc
    # via opentelemetry-sdk
    # via opentelemetry-semantic-conventions
    # via reboot
opentelemetry-exporter-otlp-proto-common==1.28.1
    # via opentelemetry-exporter-otlp-proto-grpc
opentelemetry-exporter-otlp-proto-grpc==1.28.1
    # via reboot
opentelemetry-instrumentation==0.49b1
    # via opentelemetry-instrumentation-grpc
opentelemetry-instrumentation-grpc==0.49b1
    # via reboot
opentelemetry-proto==1.28.1
    # via opentelemetry-exporter-otlp-proto-common
    # via opentelemetry-exporter-otlp-proto-grpc
opentelemetry-sdk==1.28.1
    # via opentelemetry-exporter-otlp-proto-grpc
    # via reboot
opentelemetry-semantic-conventions==0.49b1
    # via opentelemetry-instrumentation
    # via opentelemetry-instrumentation-grpc
    # via opentelemetry-sdk
packaging==23.1
    # via opentelemetry-instrumentation
    # via reboot
pathspec==0.12.1
    # via reboot
protobuf==5.28.3
    # via googleapis-common-protos
    # via grpcio-health-checking
    # via grpcio-reflection
    # via grpcio-status
    # via grpcio-tools
    # via mypy-protobuf
    # via opentelemetry-proto
    # via reboot
psutil==6.0.0
    # via reboot
pycparser==2.22
    # via cffi
pydantic==2.9.2
    # via fastapi
    # via reboot
pydantic-core==2.23.4
    # via pydantic
pyjwt==2.8.0
    # via reboot
pyprctl==0.1.3
    # via reboot
python-dateutil==2.9.0.post0
    # via kubernetes-asyncio
pyyaml==6.0.2
    # via kubernetes-asyncio
    # via reboot
reboot==0.37.2
setuptools==75.1.0
    # via grpcio-tools
six==1.16.0
    # via kubernetes-asyncio
    # via python-dateutil
sniffio==1.3.1
    # via anyio
sortedcontainers==2.4.0
    # via reboot
starlette==0.46.2
    # via fastapi
tabulate==0.9.0
    # via reboot
types-protobuf==5.28.0.20240924
    # via mypy-protobuf
typing-extensions==4.9.0
    # via anyio
    # via fastapi
    # via multidict
    # via opentelemetry-sdk
    # via pydantic
    # via pydantic-core
    # via reboot
    # via uvicorn
tzlocal==5.3
    # via reboot
urllib3==1.26.15
    # via kubernetes-asyncio
    # via reboot
uuid7-standard==1.1.0
    # via reboot
uvicorn==0.34.0
    # via reboot
watchdog==6.0.0
    # via reboot
websockets==13.1
    # via reboot
wrapt==1.16.0
    # via deprecated
    # via opentelemetry-instrumentation
    # via opentelemetry-instrumentation-grpc
yarl==1.12.1
    # via aiohttp
zipp==3.21.0
    # via importlib-metadata
