# generated by rye
# use `rye lock` or `rye sync` to update this lockfile
#
# last locked with the following flags:
#   pre: false
#   features: []
#   all-features: false
#   with-sources: false

aiofiles==23.2.1
    # via reboot-resemble
aiohttp==3.8.5
    # via kubernetes-asyncio
    # via reboot-resemble
aiosignal==1.3.1
    # via aiohttp
async-timeout==4.0.3
    # via aiohttp
attrs==23.2.0
    # via aiohttp
cachetools==5.3.3
    # via google-auth
certifi==2024.2.2
    # via kubernetes
    # via kubernetes-asyncio
    # via requests
cffi==1.16.0
    # via cryptography
charset-normalizer==3.3.2
    # via aiohttp
    # via requests
colorama==0.4.6
    # via reboot-resemble
cryptography==42.0.2
    # via reboot-resemble
exceptiongroup==1.2.0
    # via pytest
frozenlist==1.4.1
    # via aiohttp
    # via aiosignal
gitdb==4.0.11
    # via gitpython
gitpython==3.1.31
    # via reboot-resemble
google-auth==2.29.0
    # via kubernetes
googleapis-common-protos==1.61.0
    # via grpcio-status
    # via reboot-resemble
grpc-interceptor==0.15.4
    # via reboot-resemble
grpcio==1.56.2
    # via grpc-interceptor
    # via grpcio-health-checking
    # via grpcio-reflection
    # via grpcio-status
    # via grpcio-tools
    # via reboot-resemble
grpcio-health-checking==1.56.2
    # via reboot-resemble
grpcio-reflection==1.56.2
    # via reboot-resemble
grpcio-status==1.56.2
    # via reboot-resemble
grpcio-tools==1.56.2
    # via reboot-resemble
idna==3.6
    # via requests
    # via yarl
iniconfig==2.0.0
    # via pytest
jinja2==3.1.2
    # via jinja2-strcase
    # via reboot-resemble
jinja2-strcase==0.0.2
    # via reboot-resemble
kubernetes==24.2.0
    # via reboot-resemble
kubernetes-asyncio==24.2.2
    # via reboot-resemble
markupsafe==2.1.5
    # via jinja2
multidict==6.0.5
    # via aiohttp
    # via yarl
mypy==1.2.0
mypy-extensions==1.0.0
    # via mypy
mypy-protobuf==3.5.0
    # via reboot-resemble
oauthlib==3.2.2
    # via requests-oauthlib
packaging==23.1
    # via pytest
    # via reboot-resemble
pathspec==0.12.1
    # via reboot-resemble
pluggy==1.4.0
    # via pytest
protobuf==4.25.2
    # via googleapis-common-protos
    # via grpcio-health-checking
    # via grpcio-reflection
    # via grpcio-status
    # via grpcio-tools
    # via mypy-protobuf
    # via reboot-resemble
psutil==5.9.5
    # via reboot-resemble
pyasn1==0.5.1
    # via pyasn1-modules
    # via rsa
pyasn1-modules==0.3.0
    # via google-auth
pycparser==2.21
    # via cffi
pyjwt==2.8.0
    # via reboot-resemble
pyprctl==0.1.3
    # via reboot-resemble
pytest==8.1.1
python-dateutil==2.9.0.post0
    # via kubernetes
    # via kubernetes-asyncio
pyyaml==6.0.1
    # via kubernetes
    # via kubernetes-asyncio
reboot-resemble==0.13.2
requests==2.31.0
    # via kubernetes
    # via requests-oauthlib
requests-oauthlib==2.0.0
    # via kubernetes
rsa==4.9
    # via google-auth
setuptools==69.2.0
    # via grpcio-tools
    # via kubernetes
    # via kubernetes-asyncio
six==1.16.0
    # via kubernetes
    # via kubernetes-asyncio
    # via python-dateutil
smmap==5.0.1
    # via gitdb
tomli==2.0.1
    # via mypy
    # via pytest
types-protobuf==4.24.0.20240311
    # via mypy-protobuf
typing-extensions==4.9.0
    # via mypy
    # via reboot-resemble
urllib3==1.26.15
    # via kubernetes
    # via kubernetes-asyncio
    # via reboot-resemble
    # via requests
uuid7==0.1.0
    # via reboot-resemble
watchdog==4.0.0
    # via reboot-resemble
websocket-client==1.7.0
    # via kubernetes
websockets==12.0
    # via reboot-resemble
yarl==1.9.4
    # via aiohttp
